
Microsoft Visual Studio Solution File, Format Version 12.00
# Visual Studio Version 17
VisualStudioVersion = 17.0.31903.59
MinimumVisualStudioVersion = 10.0.40219.1
Project("{9A19103F-16F7-4668-BE54-9A1E7A4F7556}") = "Producer", "Producer\Producer.csproj", "{9B1FC263-C718-4463-BAB7-BC9D66A8249E}"
EndProject
Project("{9A19103F-16F7-4668-BE54-9A1E7A4F7556}") = "Subscriber", "Subscriber\Subscriber.csproj", "{C5AF2950-DD73-4A1F-93A7-BCC2681FFDFD}"
EndProject
Project("{9A19103F-16F7-4668-BE54-9A1E7A4F7556}") = "Core.Kafka", "Core.Kafka\Core.Kafka.csproj", "{750E90D4-6219-47F4-800D-FAD00B287F7A}"
EndProject
Project("{FAE04EC0-301F-11D3-BF4B-00C04F79EFBC}") = "Core", "Core\Core.csproj", "{685E8A62-BC8C-437F-B4DC-55862625E2A1}"
EndProject
Project("{FAE04EC0-301F-11D3-BF4B-00C04F79EFBC}") = "ConsoleProducer", "ConsoleProducer\ConsoleProducer.csproj", "{4EA5E8E2-6A98-430A-8D51-A747E845508D}"
EndProject
Project("{FAE04EC0-301F-11D3-BF4B-00C04F79EFBC}") = "ConsoleConsumer", "ConsoleConsumer\ConsoleConsumer.csproj", "{642D96D6-4F0A-4403-8C18-450FB1C815C9}"
EndProject
Project("{2150E333-8FDC-42A3-9474-1A3956D46DE8}") = "App", "App", "{AA5B2B57-49CB-4783-A6B0-6F15EC78C621}"
EndProject
Project("{2150E333-8FDC-42A3-9474-1A3956D46DE8}") = "01-Core", "01-Core", "{20295ABF-E11E-4E87-B2E9-26D0679C2C11}"
EndProject
Project("{2150E333-8FDC-42A3-9474-1A3956D46DE8}") = "Integrations", "Integrations", "{B36D7B41-BF3C-4399-A93A-D7DF9E4A369F}"
EndProject
Project("{2150E333-8FDC-42A3-9474-1A3956D46DE8}") = "Demo", "Demo", "{3D0700B8-FDC8-4122-B503-28D61F763A90}"
EndProject
Global
	GlobalSection(SolutionConfigurationPlatforms) = preSolution
		Debug|Any CPU = Debug|Any CPU
		Release|Any CPU = Release|Any CPU
	EndGlobalSection
	GlobalSection(ProjectConfigurationPlatforms) = postSolution
		{9B1FC263-C718-4463-BAB7-BC9D66A8249E}.Debug|Any CPU.ActiveCfg = Debug|Any CPU
		{9B1FC263-C718-4463-BAB7-BC9D66A8249E}.Debug|Any CPU.Build.0 = Debug|Any CPU
		{9B1FC263-C718-4463-BAB7-BC9D66A8249E}.Release|Any CPU.ActiveCfg = Release|Any CPU
		{9B1FC263-C718-4463-BAB7-BC9D66A8249E}.Release|Any CPU.Build.0 = Release|Any CPU
		{C5AF2950-DD73-4A1F-93A7-BCC2681FFDFD}.Debug|Any CPU.ActiveCfg = Debug|Any CPU
		{C5AF2950-DD73-4A1F-93A7-BCC2681FFDFD}.Debug|Any CPU.Build.0 = Debug|Any CPU
		{C5AF2950-DD73-4A1F-93A7-BCC2681FFDFD}.Release|Any CPU.ActiveCfg = Release|Any CPU
		{C5AF2950-DD73-4A1F-93A7-BCC2681FFDFD}.Release|Any CPU.Build.0 = Release|Any CPU
		{750E90D4-6219-47F4-800D-FAD00B287F7A}.Debug|Any CPU.ActiveCfg = Debug|Any CPU
		{750E90D4-6219-47F4-800D-FAD00B287F7A}.Debug|Any CPU.Build.0 = Debug|Any CPU
		{750E90D4-6219-47F4-800D-FAD00B287F7A}.Release|Any CPU.ActiveCfg = Release|Any CPU
		{750E90D4-6219-47F4-800D-FAD00B287F7A}.Release|Any CPU.Build.0 = Release|Any CPU
		{685E8A62-BC8C-437F-B4DC-55862625E2A1}.Debug|Any CPU.ActiveCfg = Debug|Any CPU
		{685E8A62-BC8C-437F-B4DC-55862625E2A1}.Debug|Any CPU.Build.0 = Debug|Any CPU
		{685E8A62-BC8C-437F-B4DC-55862625E2A1}.Release|Any CPU.ActiveCfg = Release|Any CPU
		{685E8A62-BC8C-437F-B4DC-55862625E2A1}.Release|Any CPU.Build.0 = Release|Any CPU
		{4EA5E8E2-6A98-430A-8D51-A747E845508D}.Debug|Any CPU.ActiveCfg = Debug|Any CPU
		{4EA5E8E2-6A98-430A-8D51-A747E845508D}.Debug|Any CPU.Build.0 = Debug|Any CPU
		{4EA5E8E2-6A98-430A-8D51-A747E845508D}.Release|Any CPU.ActiveCfg = Release|Any CPU
		{4EA5E8E2-6A98-430A-8D51-A747E845508D}.Release|Any CPU.Build.0 = Release|Any CPU
		{642D96D6-4F0A-4403-8C18-450FB1C815C9}.Debug|Any CPU.ActiveCfg = Debug|Any CPU
		{642D96D6-4F0A-4403-8C18-450FB1C815C9}.Debug|Any CPU.Build.0 = Debug|Any CPU
		{642D96D6-4F0A-4403-8C18-450FB1C815C9}.Release|Any CPU.ActiveCfg = Release|Any CPU
		{642D96D6-4F0A-4403-8C18-450FB1C815C9}.Release|Any CPU.Build.0 = Release|Any CPU
	EndGlobalSection
	GlobalSection(SolutionProperties) = preSolution
		HideSolutionNode = FALSE
	EndGlobalSection
	GlobalSection(NestedProjects) = preSolution
		{9B1FC263-C718-4463-BAB7-BC9D66A8249E} = {3D0700B8-FDC8-4122-B503-28D61F763A90}
		{C5AF2950-DD73-4A1F-93A7-BCC2681FFDFD} = {3D0700B8-FDC8-4122-B503-28D61F763A90}
		{750E90D4-6219-47F4-800D-FAD00B287F7A} = {20295ABF-E11E-4E87-B2E9-26D0679C2C11}
		{685E8A62-BC8C-437F-B4DC-55862625E2A1} = {20295ABF-E11E-4E87-B2E9-26D0679C2C11}
		{4EA5E8E2-6A98-430A-8D51-A747E845508D} = {B36D7B41-BF3C-4399-A93A-D7DF9E4A369F}
		{642D96D6-4F0A-4403-8C18-450FB1C815C9} = {B36D7B41-BF3C-4399-A93A-D7DF9E4A369F}
		{B36D7B41-BF3C-4399-A93A-D7DF9E4A369F} = {AA5B2B57-49CB-4783-A6B0-6F15EC78C621}
		{3D0700B8-FDC8-4122-B503-28D61F763A90} = {AA5B2B57-49CB-4783-A6B0-6F15EC78C621}
	EndGlobalSection
	GlobalSection(ExtensibilityGlobals) = postSolution
		SolutionGuid = {8CD0D43A-7755-40B7-A899-4AFAB99A0172}
	EndGlobalSection
EndGlobal
